
Microsoft Visual Studio Solution File, Format Version 12.00
# Visual Studio 15
VisualStudioVersion = 15.0.28307.168
MinimumVisualStudioVersion = 10.0.40219.1
Project("{FAE04EC0-301F-11D3-BF4B-00C04F79EFBC}") = "WindowsFormsApp_Test", "WindowsFormsApp_Test\WindowsFormsApp_Test.csproj", "{7BE83F38-2F3D-40A0-B5B5-0ACF5A881E8A}"
EndProject
Global
	GlobalSection(SolutionConfigurationPlatforms) = preSolution
		Debug|Any CPU = Debug|Any CPU
		Release|Any CPU = Release|Any CPU
	EndGlobalSection
	GlobalSection(ProjectConfigurationPlatforms) = postSolution
		{7BE83F38-2F3D-40A0-B5B5-0ACF5A881E8A}.Debug|Any CPU.ActiveCfg = Debug|Any CPU
		{7BE83F38-2F3D-40A0-B5B5-0ACF5A881E8A}.Debug|Any CPU.Build.0 = Debug|Any CPU
		{7BE83F38-2F3D-40A0-B5B5-0ACF5A881E8A}.Release|Any CPU.ActiveCfg = Release|Any CPU
		{7BE83F38-2F3D-40A0-B5B5-0ACF5A881E8A}.Release|Any CPU.Build.0 = Release|Any CPU
	EndGlobalSection
	GlobalSection(SolutionProperties) = preSolution
		HideSolutionNode = FALSE
	EndGlobalSection
	GlobalSection(ExtensibilityGlobals) = postSolution
		SolutionGuid = {019AA83C-C66D-4B7A-BF20-051B4EA4AC7F}
	EndGlobalSection
EndGlobal
