
Microsoft Visual Studio Solution File, Format Version 12.00
# Visual Studio 15
VisualStudioVersion = 15.0.28307.168
MinimumVisualStudioVersion = 10.0.40219.1
Project("{FAE04EC0-301F-11D3-BF4B-00C04F79EFBC}") = "ConsoleApp_Test", "ConsoleApp_Test\ConsoleApp_Test.csproj", "{3FA77C51-7B37-480D-A9B1-C8D09D53B93E}"
EndProject
Global
	GlobalSection(SolutionConfigurationPlatforms) = preSolution
		Debug|Any CPU = Debug|Any CPU
		Debug|x64 = Debug|x64
		Debug|x86 = Debug|x86
		Release|Any CPU = Release|Any CPU
		Release|x64 = Release|x64
		Release|x86 = Release|x86
	EndGlobalSection
	GlobalSection(ProjectConfigurationPlatforms) = postSolution
		{3FA77C51-7B37-480D-A9B1-C8D09D53B93E}.Debug|Any CPU.ActiveCfg = Debug|Any CPU
		{3FA77C51-7B37-480D-A9B1-C8D09D53B93E}.Debug|Any CPU.Build.0 = Debug|Any CPU
		{3FA77C51-7B37-480D-A9B1-C8D09D53B93E}.Debug|x64.ActiveCfg = Debug|Any CPU
		{3FA77C51-7B37-480D-A9B1-C8D09D53B93E}.Debug|x64.Build.0 = Debug|Any CPU
		{3FA77C51-7B37-480D-A9B1-C8D09D53B93E}.Debug|x86.ActiveCfg = Debug|Any CPU
		{3FA77C51-7B37-480D-A9B1-C8D09D53B93E}.Debug|x86.Build.0 = Debug|Any CPU
		{3FA77C51-7B37-480D-A9B1-C8D09D53B93E}.Release|Any CPU.ActiveCfg = Release|Any CPU
		{3FA77C51-7B37-480D-A9B1-C8D09D53B93E}.Release|Any CPU.Build.0 = Release|Any CPU
		{3FA77C51-7B37-480D-A9B1-C8D09D53B93E}.Release|x64.ActiveCfg = Release|Any CPU
		{3FA77C51-7B37-480D-A9B1-C8D09D53B93E}.Release|x64.Build.0 = Release|Any CPU
		{3FA77C51-7B37-480D-A9B1-C8D09D53B93E}.Release|x86.ActiveCfg = Release|Any CPU
		{3FA77C51-7B37-480D-A9B1-C8D09D53B93E}.Release|x86.Build.0 = Release|Any CPU
	EndGlobalSection
	GlobalSection(SolutionProperties) = preSolution
		HideSolutionNode = FALSE
	EndGlobalSection
	GlobalSection(ExtensibilityGlobals) = postSolution
		SolutionGuid = {DD630F21-1CEC-4C3D-8EE8-C8EC335D3DDE}
	EndGlobalSection
EndGlobal
