
Microsoft Visual Studio Solution File, Format Version 12.00
# Visual Studio 15
VisualStudioVersion = 15.0.27703.2035
MinimumVisualStudioVersion = 10.0.40219.1
Project("{8BC9CEB8-8B4A-11D0-8D11-00A0C91BC942}") = "SDL test", "SDL test\SDL test.vcxproj", "{BD9C668B-CA0D-49D8-9739-B340CCD335F0}"
EndProject
Global
	GlobalSection(SolutionConfigurationPlatforms) = preSolution
		Debug|x64 = Debug|x64
		Debug|x86 = Debug|x86
		Release|x64 = Release|x64
		Release|x86 = Release|x86
	EndGlobalSection
	GlobalSection(ProjectConfigurationPlatforms) = postSolution
		{BD9C668B-CA0D-49D8-9739-B340CCD335F0}.Debug|x64.ActiveCfg = Debug|x64
		{BD9C668B-CA0D-49D8-9739-B340CCD335F0}.Debug|x64.Build.0 = Debug|x64
		{BD9C668B-CA0D-49D8-9739-B340CCD335F0}.Debug|x86.ActiveCfg = Debug|Win32
		{BD9C668B-CA0D-49D8-9739-B340CCD335F0}.Debug|x86.Build.0 = Debug|Win32
		{BD9C668B-CA0D-49D8-9739-B340CCD335F0}.Release|x64.ActiveCfg = Release|x64
		{BD9C668B-CA0D-49D8-9739-B340CCD335F0}.Release|x64.Build.0 = Release|x64
		{BD9C668B-CA0D-49D8-9739-B340CCD335F0}.Release|x86.ActiveCfg = Release|Win32
		{BD9C668B-CA0D-49D8-9739-B340CCD335F0}.Release|x86.Build.0 = Release|Win32
	EndGlobalSection
	GlobalSection(SolutionProperties) = preSolution
		HideSolutionNode = FALSE
	EndGlobalSection
	GlobalSection(ExtensibilityGlobals) = postSolution
		SolutionGuid = {6A4ACC71-5364-4681-A469-9A60B4A2A531}
	EndGlobalSection
EndGlobal
